{
  "name": "Fresher_Saurabh",
  "lockfileVersion": 2,
  "requires": true,
  "packages": {
    "": {
      "dependencies": {
        "folder_peter": "^1.0.1",
        "freshers_finney": "^1.0.5",
        "freshers_saket": "^1.0.0"
      }
    },
    "node_modules/folder_peter": {
      "version": "1.0.1",
      "resolved": "https://registry.npmjs.org/folder_peter/-/folder_peter-1.0.1.tgz",
      "integrity": "sha512-15REYHFr7RkrSh+vUzySxKF6aSSicYW8Zm//TVJ3LF1d/lQAdDmAUeT2ueJPo3tKLcvExlhRbw0yPwnxKwkSjA==",
      "dependencies": {
        "say": "^0.16.0"
      }
    },
    "node_modules/freshers_finney": {
      "version": "1.0.5",
      "resolved": "https://registry.npmjs.org/freshers_finney/-/freshers_finney-1.0.5.tgz",
      "integrity": "sha512-evRuE9Xhovk+cP72dFcIJqfj+JrgYgg+E53pyuCl7QqXDHbd4YfmzVQLSnL1Rwh8Tu0Pv21FYxhVQ+gOYDIIug=="
    },
    "node_modules/freshers_pradnyab": {
      "version": "1.0.4",
      "resolved": "https://registry.npmjs.org/freshers_pradnyab/-/freshers_pradnyab-1.0.4.tgz",
      "integrity": "sha512-tdtvvKQ/xdHnpP5MnH0GNTpf1H8Apff0MrLiIQMsrPyydDs/wZJr3wHeUiodQ4lL2y4LfyqJGcLH6GhwRterXg==",
      "dependencies": {
        "freshers_finney": "^1.0.0"
      }
    },
    "node_modules/freshers_saket": {
      "version": "1.0.0",
      "resolved": "https://registry.npmjs.org/freshers_saket/-/freshers_saket-1.0.0.tgz",
      "integrity": "sha512-KOl8kKibxX3Z1FAskVWHnq/WYK169T+KCA1OpjpNIM/+4ODxU2Nn7Kplx0rOyQ/5eiLEYnGycw2Wmqv13Nno8A==",
      "dependencies": {
        "freshers_finney": "^1.0.5",
        "freshers_pradnyab": "^1.0.2"
      }
    },
    "node_modules/one-time": {
      "version": "0.0.4",
      "resolved": "https://registry.npmjs.org/one-time/-/one-time-0.0.4.tgz",
      "integrity": "sha1-+M33eISCb+Tf+T46nMN7HkSAdC4="
    },
    "node_modules/say": {
      "version": "0.16.0",
      "resolved": "https://registry.npmjs.org/say/-/say-0.16.0.tgz",
      "integrity": "sha512-yEfncNu3I6lcZ6RIrXgE9DqbrEmvV5uQQ8ReM14u/DodlvJYpveqNphO55RLMSj77b06ZKNif/FLmhzQxcuUXg==",
      "dependencies": {
        "one-time": "0.0.4"
      },
      "engines": {
        "node": ">=6.9"
      }
    }
  },
  "dependencies": {
    "folder_peter": {
      "version": "1.0.1",
      "resolved": "https://registry.npmjs.org/folder_peter/-/folder_peter-1.0.1.tgz",
      "integrity": "sha512-15REYHFr7RkrSh+vUzySxKF6aSSicYW8Zm//TVJ3LF1d/lQAdDmAUeT2ueJPo3tKLcvExlhRbw0yPwnxKwkSjA==",
      "requires": {
        "say": "^0.16.0"
      }
    },
    "freshers_finney": {
      "version": "1.0.5",
      "resolved": "https://registry.npmjs.org/freshers_finney/-/freshers_finney-1.0.5.tgz",
      "integrity": "sha512-evRuE9Xhovk+cP72dFcIJqfj+JrgYgg+E53pyuCl7QqXDHbd4YfmzVQLSnL1Rwh8Tu0Pv21FYxhVQ+gOYDIIug=="
    },
    "freshers_pradnyab": {
      "version": "1.0.4",
      "resolved": "https://registry.npmjs.org/freshers_pradnyab/-/freshers_pradnyab-1.0.4.tgz",
      "integrity": "sha512-tdtvvKQ/xdHnpP5MnH0GNTpf1H8Apff0MrLiIQMsrPyydDs/wZJr3wHeUiodQ4lL2y4LfyqJGcLH6GhwRterXg==",
      "requires": {
        "freshers_finney": "^1.0.0"
      }
    },
    "freshers_saket": {
      "version": "1.0.0",
      "resolved": "https://registry.npmjs.org/freshers_saket/-/freshers_saket-1.0.0.tgz",
      "integrity": "sha512-KOl8kKibxX3Z1FAskVWHnq/WYK169T+KCA1OpjpNIM/+4ODxU2Nn7Kplx0rOyQ/5eiLEYnGycw2Wmqv13Nno8A==",
      "requires": {
        "freshers_finney": "^1.0.5",
        "freshers_pradnyab": "^1.0.2"
      }
    },
    "one-time": {
      "version": "0.0.4",
      "resolved": "https://registry.npmjs.org/one-time/-/one-time-0.0.4.tgz",
      "integrity": "sha1-+M33eISCb+Tf+T46nMN7HkSAdC4="
    },
    "say": {
      "version": "0.16.0",
      "resolved": "https://registry.npmjs.org/say/-/say-0.16.0.tgz",
      "integrity": "sha512-yEfncNu3I6lcZ6RIrXgE9DqbrEmvV5uQQ8ReM14u/DodlvJYpveqNphO55RLMSj77b06ZKNif/FLmhzQxcuUXg==",
      "requires": {
        "one-time": "0.0.4"
      }
    }
  }
}
